{
  "name": "mini-vue3",
  "version": "1.0.0",
  "lockfileVersion": 2,
  "requires": true,
  "packages": {
    "": {
      "version": "1.0.0",
      "license": "ISC",
      "devDependencies": {
        "typescript": "^4.4.3"
      }
    },
    "node_modules/typescript": {
      "version": "4.4.3",
      "resolved": "https://registry.nlark.com/typescript/download/typescript-4.4.3.tgz?cache=0&other_urls=https%3A%2F%2Fregistry.nlark.com%2Ftypescript%2Fdownload%2Ftypescript-4.4.3.tgz",
      "integrity": "sha1-vcVAfKorEJ79T4L+EwZW+XeikyQ=",
      "dev": true,
      "bin": {
        "tsc": "bin/tsc",
        "tsserver": "bin/tsserver"
      },
      "engines": {
        "node": ">=4.2.0"
      }
    }
  },
  "dependencies": {
    "typescript": {
      "version": "4.4.3",
      "resolved": "https://registry.nlark.com/typescript/download/typescript-4.4.3.tgz?cache=0&other_urls=https%3A%2F%2Fregistry.nlark.com%2Ftypescript%2Fdownload%2Ftypescript-4.4.3.tgz",
      "integrity": "sha1-vcVAfKorEJ79T4L+EwZW+XeikyQ=",
      "dev": true
    }
  }
}
